
Microsoft Visual Studio Solution File, Format Version 12.00
# Visual Studio Version 17
VisualStudioVersion = 17.10.34928.147
MinimumVisualStudioVersion = 10.0.40219.1
Project("{FAE04EC0-301F-11D3-BF4B-00C04F79EFBC}") = "DishDash.API", "DishDash.API\DishDash.API.csproj", "{7FEC9A13-6243-4798-B087-DBDCB87CC100}"
EndProject
Project("{FAE04EC0-301F-11D3-BF4B-00C04F79EFBC}") = "DishDash.Domain", "DishDash.Domain\DishDash.Domain.csproj", "{334AA326-2048-4BC0-AC39-1D9A45DC3492}"
EndProject
Project("{FAE04EC0-301F-11D3-BF4B-00C04F79EFBC}") = "DishDash.Infrastructure", "DishDash.Infrastructure\DishDash.Infrastructure.csproj", "{6BC4A6D3-2FD4-4266-A0CC-388591E5231C}"
EndProject
Project("{FAE04EC0-301F-11D3-BF4B-00C04F79EFBC}") = "DishDash.Application", "DishDash.Application\DishDash.Application.csproj", "{77429C4F-8A6B-4C67-8CB0-27AE054CF7ED}"
EndProject
Global
	GlobalSection(SolutionConfigurationPlatforms) = preSolution
		Debug|Any CPU = Debug|Any CPU
		Release|Any CPU = Release|Any CPU
	EndGlobalSection
	GlobalSection(ProjectConfigurationPlatforms) = postSolution
		{7FEC9A13-6243-4798-B087-DBDCB87CC100}.Debug|Any CPU.ActiveCfg = Debug|Any CPU
		{7FEC9A13-6243-4798-B087-DBDCB87CC100}.Debug|Any CPU.Build.0 = Debug|Any CPU
		{7FEC9A13-6243-4798-B087-DBDCB87CC100}.Release|Any CPU.ActiveCfg = Release|Any CPU
		{7FEC9A13-6243-4798-B087-DBDCB87CC100}.Release|Any CPU.Build.0 = Release|Any CPU
		{334AA326-2048-4BC0-AC39-1D9A45DC3492}.Debug|Any CPU.ActiveCfg = Debug|Any CPU
		{334AA326-2048-4BC0-AC39-1D9A45DC3492}.Debug|Any CPU.Build.0 = Debug|Any CPU
		{334AA326-2048-4BC0-AC39-1D9A45DC3492}.Release|Any CPU.ActiveCfg = Release|Any CPU
		{334AA326-2048-4BC0-AC39-1D9A45DC3492}.Release|Any CPU.Build.0 = Release|Any CPU
		{6BC4A6D3-2FD4-4266-A0CC-388591E5231C}.Debug|Any CPU.ActiveCfg = Debug|Any CPU
		{6BC4A6D3-2FD4-4266-A0CC-388591E5231C}.Debug|Any CPU.Build.0 = Debug|Any CPU
		{6BC4A6D3-2FD4-4266-A0CC-388591E5231C}.Release|Any CPU.ActiveCfg = Release|Any CPU
		{6BC4A6D3-2FD4-4266-A0CC-388591E5231C}.Release|Any CPU.Build.0 = Release|Any CPU
		{77429C4F-8A6B-4C67-8CB0-27AE054CF7ED}.Debug|Any CPU.ActiveCfg = Debug|Any CPU
		{77429C4F-8A6B-4C67-8CB0-27AE054CF7ED}.Debug|Any CPU.Build.0 = Debug|Any CPU
		{77429C4F-8A6B-4C67-8CB0-27AE054CF7ED}.Release|Any CPU.ActiveCfg = Release|Any CPU
		{77429C4F-8A6B-4C67-8CB0-27AE054CF7ED}.Release|Any CPU.Build.0 = Release|Any CPU
	EndGlobalSection
	GlobalSection(SolutionProperties) = preSolution
		HideSolutionNode = FALSE
	EndGlobalSection
	GlobalSection(ExtensibilityGlobals) = postSolution
		SolutionGuid = {A5EB17DE-7CB7-414E-AE74-410CF5F91E76}
	EndGlobalSection
EndGlobal
